// !$*UTF8*$!
{
	archiveVersion = 1;
	classes = {
	};
	objectVersion = 46;
	objects = {

/* Begin PBXBuildFile section */
		27CDF62A1D6D21E300AD09D4 /* main.m in Sources */ = {isa = PBXBuildFile; fileRef = 27CDF6291D6D21E300AD09D4 /* main.m */; };
		27CDF62D1D6D21E300AD09D4 /* AppDelegate.m in Sources */ = {isa = PBXBuildFile; fileRef = 27CDF62C1D6D21E300AD09D4 /* AppDelegate.m */; };
		27CDF6301D6D21E300AD09D4 /* ViewController.m in Sources */ = {isa = PBXBuildFile; fileRef = 27CDF62F1D6D21E300AD09D4 /* ViewController.m */; };
		27CDF6331D6D21E300AD09D4 /* Main.storyboard in Resources */ = {isa = PBXBuildFile; fileRef = 27CDF6311D6D21E300AD09D4 /* Main.storyboard */; };
		27CDF6351D6D21E300AD09D4 /* Assets.xcassets in Resources */ = {isa = PBXBuildFile; fileRef = 27CDF6341D6D21E300AD09D4 /* Assets.xcassets */; };
		27CDF6381D6D21E300AD09D4 /* LaunchScreen.storyboard in Resources */ = {isa = PBXBuildFile; fileRef = 27CDF6361D6D21E300AD09D4 /* LaunchScreen.storyboard */; };
		27CDF6431D6D21E300AD09D4 /* ESNavigationControllerTests.m in Sources */ = {isa = PBXBuildFile; fileRef = 27CDF6421D6D21E300AD09D4 /* ESNavigationControllerTests.m */; };
		27CDF64E1D6D21E300AD09D4 /* ESNavigationControllerUITests.m in Sources */ = {isa = PBXBuildFile; fileRef = 27CDF64D1D6D21E300AD09D4 /* ESNavigationControllerUITests.m */; };
/* End PBXBuildFile section */

/* Begin PBXContainerItemProxy section */
		27CDF63F1D6D21E300AD09D4 /* PBXContainerItemProxy */ = {
			isa = PBXContainerItemProxy;
			containerPortal = 27CDF61D1D6D21E300AD09D4 /* Project object */;
			proxyType = 1;
			remoteGlobalIDString = 27CDF6241D6D21E300AD09D4;
			remoteInfo = ESNavigationController;
		};
		27CDF64A1D6D21E300AD09D4 /* PBXContainerItemProxy */ = {
			isa = PBXContainerItemProxy;
			containerPortal = 27CDF61D1D6D21E300AD09D4 /* Project object */;
			proxyType = 1;
			remoteGlobalIDString = 27CDF6241D6D21E300AD09D4;
			remoteInfo = ESNavigationController;
		};
/* End PBXContainerItemProxy section */

/* Begin PBXFileReference section */
		27CDF6251D6D21E300AD09D4 /* ESNavigationController.app */ = {isa = PBXFileReference; explicitFileType = wrapper.application; includeInIndex = 0; path = ESNavigationController.app; sourceTree = BUILT_PRODUCTS_DIR; };
		27CDF6291D6D21E300AD09D4 /* main.m */ = {isa = PBXFileReference; lastKnownFileType = sourcecode.c.objc; path = main.m; sourceTree = "<group>"; };
		27CDF62B1D6D21E300AD09D4 /* AppDelegate.h */ = {isa = PBXFileReference; lastKnownFileType = sourcecode.c.h; path = AppDelegate.h; sourceTree = "<group>"; };
		27CDF62C1D6D21E300AD09D4 /* AppDelegate.m */ = {isa = PBXFileReference; lastKnownFileType = sourcecode.c.objc; path = AppDelegate.m; sourceTree = "<group>"; };
		27CDF62E1D6D21E300AD09D4 /* ViewController.h */ = {isa = PBXFileReference; lastKnownFileType = sourcecode.c.h; path = ViewController.h; sourceTree = "<group>"; };
		27CDF62F1D6D21E300AD09D4 /* ViewController.m */ = {isa = PBXFileReference; lastKnownFileType = sourcecode.c.objc; path = ViewController.m; sourceTree = "<group>"; };
		27CDF6321D6D21E300AD09D4 /* Base */ = {isa = PBXFileReference; lastKnownFileType = file.storyboard; name = Base; path = Base.lproj/Main.storyboard; sourceTree = "<group>"; };
		27CDF6341D6D21E300AD09D4 /* Assets.xcassets */ = {isa = PBXFileReference; lastKnownFileType = folder.assetcatalog; path = Assets.xcassets; sourceTree = "<group>"; };
		27CDF6371D6D21E300AD09D4 /* Base */ = {isa = PBXFileReference; lastKnownFileType = file.storyboard; name = Base; path = Base.lproj/LaunchScreen.storyboard; sourceTree = "<group>"; };
		27CDF6391D6D21E300AD09D4 /* Info.plist */ = {isa = PBXFileReference; lastKnownFileType = text.plist.xml; path = Info.plist; sourceTree = "<group>"; };
		27CDF63E1D6D21E300AD09D4 /* ESNavigationControllerTests.xctest */ = {isa = PBXFileReference; explicitFileType = wrapper.cfbundle; includeInIndex = 0; path = ESNavigationControllerTests.xctest; sourceTree = BUILT_PRODUCTS_DIR; };
		27CDF6421D6D21E300AD09D4 /* ESNavigationControllerTests.m */ = {isa = PBXFileReference; lastKnownFileType = sourcecode.c.objc; path = ESNavigationControllerTests.m; sourceTree = "<group>"; };
		27CDF6441D6D21E300AD09D4 /* Info.plist */ = {isa = PBXFileReference; lastKnownFileType = text.plist.xml; path = Info.plist; sourceTree = "<group>"; };
		27CDF6491D6D21E300AD09D4 /* ESNavigationControllerUITests.xctest */ = {isa = PBXFileReference; explicitFileType = wrapper.cfbundle; includeInIndex = 0; path = ESNavigationControllerUITests.xctest; sourceTree = BUILT_PRODUCTS_DIR; };
		27CDF64D1D6D21E300AD09D4 /* ESNavigationControllerUITests.m */ = {isa = PBXFileReference; lastKnownFileType = sourcecode.c.objc; path = ESNavigationControllerUITests.m; sourceTree = "<group>"; };
		27CDF64F1D6D21E300AD09D4 /* Info.plist */ = {isa = PBXFileReference; lastKnownFileType = text.plist.xml; path = Info.plist; sourceTree = "<group>"; };
/* End PBXFileReference section */

/* Begin PBXFrameworksBuildPhase section */
		27CDF6221D6D21E300AD09D4 /* Frameworks */ = {
			isa = PBXFrameworksBuildPhase;
			buildActionMask = 2147483647;
			files = (
			);
			runOnlyForDeploymentPostprocessing = 0;
		};
		27CDF63B1D6D21E300AD09D4 /* Frameworks */ = {
			isa = PBXFrameworksBuildPhase;
			buildActionMask = 2147483647;
			files = (
			);
			runOnlyForDeploymentPostprocessing = 0;
		};
		27CDF6461D6D21E300AD09D4 /* Frameworks */ = {
			isa = PBXFrameworksBuildPhase;
			buildActionMask = 2147483647;
			files = (
			);
			runOnlyForDeploymentPostprocessing = 0;
		};
/* End PBXFrameworksBuildPhase section */

/* Begin PBXGroup section */
		27CDF61C1D6D21E200AD09D4 = {
			isa = PBXGroup;
			children = (
				27CDF6271D6D21E300AD09D4 /* ESNavigationController */,
				27CDF6411D6D21E300AD09D4 /* ESNavigationControllerTests */,
				27CDF64C1D6D21E300AD09D4 /* ESNavigationControllerUITests */,
				27CDF6261D6D21E300AD09D4 /* Products */,
			);
			sourceTree = "<group>";
		};
		27CDF6261D6D21E300AD09D4 /* Products */ = {
			isa = PBXGroup;
			children = (
				27CDF6251D6D21E300AD09D4 /* ESNavigationController.app */,
				27CDF63E1D6D21E300AD09D4 /* ESNavigationControllerTests.xctest */,
				27CDF6491D6D21E300AD09D4 /* ESNavigationControllerUITests.xctest */,
			);
			name = Products;
			sourceTree = "<group>";
		};
		27CDF6271D6D21E300AD09D4 /* ESNavigationController */ = {
			isa = PBXGroup;
			children = (
				27CDF62B1D6D21E300AD09D4 /* AppDelegate.h */,
				27CDF62C1D6D21E300AD09D4 /* AppDelegate.m */,
				27CDF62E1D6D21E300AD09D4 /* ViewController.h */,
				27CDF62F1D6D21E300AD09D4 /* ViewController.m */,
				27CDF6311D6D21E300AD09D4 /* Main.storyboard */,
				27CDF6341D6D21E300AD09D4 /* Assets.xcassets */,
				27CDF6361D6D21E300AD09D4 /* LaunchScreen.storyboard */,
				27CDF6391D6D21E300AD09D4 /* Info.plist */,
				27CDF6281D6D21E300AD09D4 /* Supporting Files */,
			);
			path = ESNavigationController;
			sourceTree = "<group>";
		};
		27CDF6281D6D21E300AD09D4 /* Supporting Files */ = {
			isa = PBXGroup;
			children = (
				27CDF6291D6D21E300AD09D4 /* main.m */,
			);
			name = "Supporting Files";
			sourceTree = "<group>";
		};
		27CDF6411D6D21E300AD09D4 /* ESNavigationControllerTests */ = {
			isa = PBXGroup;
			children = (
				27CDF6421D6D21E300AD09D4 /* ESNavigationControllerTests.m */,
				27CDF6441D6D21E300AD09D4 /* Info.plist */,
			);
			path = ESNavigationControllerTests;
			sourceTree = "<group>";
		};
		27CDF64C1D6D21E300AD09D4 /* ESNavigationControllerUITests */ = {
			isa = PBXGroup;
			children = (
				27CDF64D1D6D21E300AD09D4 /* ESNavigationControllerUITests.m */,
				27CDF64F1D6D21E300AD09D4 /* Info.plist */,
			);
			path = ESNavigationControllerUITests;
			sourceTree = "<group>";
		};
/* End PBXGroup section */

/* Begin PBXNativeTarget section */
		27CDF6241D6D21E300AD09D4 /* ESNavigationController */ = {
			isa = PBXNativeTarget;
			buildConfigurationList = 27CDF6521D6D21E300AD09D4 /* Build configuration list for PBXNativeTarget "ESNavigationController" */;
			buildPhases = (
				27CDF6211D6D21E300AD09D4 /* Sources */,
				27CDF6221D6D21E300AD09D4 /* Frameworks */,
				27CDF6231D6D21E300AD09D4 /* Resources */,
			);
			buildRules = (
			);
			dependencies = (
			);
			name = ESNavigationController;
			productName = ESNavigationController;
			productReference = 27CDF6251D6D21E300AD09D4 /* ESNavigationController.app */;
			productType = "com.apple.product-type.application";
		};
		27CDF63D1D6D21E300AD09D4 /* ESNavigationControllerTests */ = {
			isa = PBXNativeTarget;
			buildConfigurationList = 27CDF6551D6D21E300AD09D4 /* Build configuration list for PBXNativeTarget "ESNavigationControllerTests" */;
			buildPhases = (
				27CDF63A1D6D21E300AD09D4 /* Sources */,
				27CDF63B1D6D21E300AD09D4 /* Frameworks */,
				27CDF63C1D6D21E300AD09D4 /* Resources */,
			);
			buildRules = (
			);
			dependencies = (
				27CDF6401D6D21E300AD09D4 /* PBXTargetDependency */,
			);
			name = ESNavigationControllerTests;
			productName = ESNavigationControllerTests;
			productReference = 27CDF63E1D6D21E300AD09D4 /* ESNavigationControllerTests.xctest */;
			productType = "com.apple.product-type.bundle.unit-test";
		};
		27CDF6481D6D21E300AD09D4 /* ESNavigationControllerUITests */ = {
			isa = PBXNativeTarget;
			buildConfigurationList = 27CDF6581D6D21E300AD09D4 /* Build configuration list for PBXNativeTarget "ESNavigationControllerUITests" */;
			buildPhases = (
				27CDF6451D6D21E300AD09D4 /* Sources */,
				27CDF6461D6D21E300AD09D4 /* Frameworks */,
				27CDF6471D6D21E300AD09D4 /* Resources */,
			);
			buildRules = (
			);
			dependencies = (
				27CDF64B1D6D21E300AD09D4 /* PBXTargetDependency */,
			);
			name = ESNavigationControllerUITests;
			productName = ESNavigationControllerUITests;
			productReference = 27CDF6491D6D21E300AD09D4 /* ESNavigationControllerUITests.xctest */;
			productType = "com.apple.product-type.bundle.ui-testing";
		};
/* End PBXNativeTarget section */

/* Begin PBXProject section */
		27CDF61D1D6D21E300AD09D4 /* Project object */ = {
			isa = PBXProject;
			attributes = {
				LastUpgradeCheck = 0730;
				ORGANIZATIONNAME = mike;
				TargetAttributes = {
					27CDF6241D6D21E300AD09D4 = {
						CreatedOnToolsVersion = 7.3.1;
						DevelopmentTeam = U5JVA728VN;
					};
					27CDF63D1D6D21E300AD09D4 = {
						CreatedOnToolsVersion = 7.3.1;
						DevelopmentTeam = U5JVA728VN;
						TestTargetID = 27CDF6241D6D21E300AD09D4;
					};
					27CDF6481D6D21E300AD09D4 = {
						CreatedOnToolsVersion = 7.3.1;
						DevelopmentTeam = U5JVA728VN;
						TestTargetID = 27CDF6241D6D21E300AD09D4;
					};
				};
			};
			buildConfigurationList = 27CDF6201D6D21E300AD09D4 /* Build configuration list for PBXProject "ESNavigationController" */;
			compatibilityVersion = "Xcode 3.2";
			developmentRegion = English;
			hasScannedForEncodings = 0;
			knownRegions = (
				en,
				Base,
			);
			mainGroup = 27CDF61C1D6D21E200AD09D4;
			productRefGroup = 27CDF6261D6D21E300AD09D4 /* Products */;
			projectDirPath = "";
			projectRoot = "";
			targets = (
				27CDF6241D6D21E300AD09D4 /* ESNavigationController */,
				27CDF63D1D6D21E300AD09D4 /* ESNavigationControllerTests */,
				27CDF6481D6D21E300AD09D4 /* ESNavigationControllerUITests */,
			);
		};
/* End PBXProject section */

/* Begin PBXResourcesBuildPhase section */
		27CDF6231D6D21E300AD09D4 /* Resources */ = {
			isa = PBXResourcesBuildPhase;
			buildActionMask = 2147483647;
			files = (
				27CDF6381D6D21E300AD09D4 /* LaunchScreen.storyboard in Resources */,
				27CDF6351D6D21E300AD09D4 /* Assets.xcassets in Resources */,
				27CDF6331D6D21E300AD09D4 /* Main.storyboard in Resources */,
			);
			runOnlyForDeploymentPostprocessing = 0;
		};
		27CDF63C1D6D21E300AD09D4 /* Resources */ = {
			isa = PBXResourcesBuildPhase;
			buildActionMask = 2147483647;
			files = (
			);
			runOnlyForDeploymentPostprocessing = 0;
		};
		27CDF6471D6D21E300AD09D4 /* Resources */ = {
			isa = PBXResourcesBuildPhase;
			buildActionMask = 2147483647;
			files = (
			);
			runOnlyForDeploymentPostprocessing = 0;
		};
/* End PBXResourcesBuildPhase section */

/* Begin PBXSourcesBuildPhase section */
		27CDF6211D6D21E300AD09D4 /* Sources */ = {
			isa = PBXSourcesBuildPhase;
			buildActionMask = 2147483647;
			files = (
				27CDF6301D6D21E300AD09D4 /* ViewController.m in Sources */,
				27CDF62D1D6D21E300AD09D4 /* AppDelegate.m in Sources */,
				27CDF62A1D6D21E300AD09D4 /* main.m in Sources */,
			);
			runOnlyForDeploymentPostprocessing = 0;
		};
		27CDF63A1D6D21E300AD09D4 /* Sources */ = {
			isa = PBXSourcesBuildPhase;
			buildActionMask = 2147483647;
			files = (
				27CDF6431D6D21E300AD09D4 /* ESNavigationControllerTests.m in Sources */,
			);
			runOnlyForDeploymentPostprocessing = 0;
		};
		27CDF6451D6D21E300AD09D4 /* Sources */ = {
			isa = PBXSourcesBuildPhase;
			buildActionMask = 2147483647;
			files = (
				27CDF64E1D6D21E300AD09D4 /* ESNavigationControllerUITests.m in Sources */,
			);
			runOnlyForDeploymentPostprocessing = 0;
		};
/* End PBXSourcesBuildPhase section */

/* Begin PBXTargetDependency section */
		27CDF6401D6D21E300AD09D4 /* PBXTargetDependency */ = {
			isa = PBXTargetDependency;
			target = 27CDF6241D6D21E300AD09D4 /* ESNavigationController */;
			targetProxy = 27CDF63F1D6D21E300AD09D4 /* PBXContainerItemProxy */;
		};
		27CDF64B1D6D21E300AD09D4 /* PBXTargetDependency */ = {
			isa = PBXTargetDependency;
			target = 27CDF6241D6D21E300AD09D4 /* ESNavigationController */;
			targetProxy = 27CDF64A1D6D21E300AD09D4 /* PBXContainerItemProxy */;
		};
/* End PBXTargetDependency section */

/* Begin PBXVariantGroup section */
		27CDF6311D6D21E300AD09D4 /* Main.storyboard */ = {
			isa = PBXVariantGroup;
			children = (
				27CDF6321D6D21E300AD09D4 /* Base */,
			);
			name = Main.storyboard;
			sourceTree = "<group>";
		};
		27CDF6361D6D21E300AD09D4 /* LaunchScreen.storyboard */ = {
			isa = PBXVariantGroup;
			children = (
				27CDF6371D6D21E300AD09D4 /* Base */,
			);
			name = LaunchScreen.storyboard;
			sourceTree = "<group>";
		};
/* End PBXVariantGroup section */

/* Begin XCBuildConfiguration section */
		27CDF6501D6D21E300AD09D4 /* Debug */ = {
			isa = XCBuildConfiguration;
			buildSettings = {
				ALWAYS_SEARCH_USER_PATHS = NO;
				CLANG_ANALYZER_NONNULL = YES;
				CLANG_CXX_LANGUAGE_STANDARD = "gnu++0x";
				CLANG_CXX_LIBRARY = "libc++";
				CLANG_ENABLE_MODULES = YES;
				CLANG_ENABLE_OBJC_ARC = YES;
				CLANG_WARN_BOOL_CONVERSION = YES;
				CLANG_WARN_CONSTANT_CONVERSION = YES;
				CLANG_WARN_DIRECT_OBJC_ISA_USAGE = YES_ERROR;
				CLANG_WARN_EMPTY_BODY = YES;
				CLANG_WARN_ENUM_CONVERSION = YES;
				CLANG_WARN_INT_CONVERSION = YES;
				CLANG_WARN_OBJC_ROOT_CLASS = YES_ERROR;
				CLANG_WARN_UNREACHABLE_CODE = YES;
				CLANG_WARN__DUPLICATE_METHOD_MATCH = YES;
				"CODE_SIGN_IDENTITY[sdk=iphoneos*]" = "iPhone Developer";
				COPY_PHASE_STRIP = NO;
				DEBUG_INFORMATION_FORMAT = dwarf;
				ENABLE_STRICT_OBJC_MSGSEND = YES;
				ENABLE_TESTABILITY = YES;
				GCC_C_LANGUAGE_STANDARD = gnu99;
				GCC_DYNAMIC_NO_PIC = NO;
				GCC_NO_COMMON_BLOCKS = YES;
				GCC_OPTIMIZATION_LEVEL = 0;
				GCC_PREPROCESSOR_DEFINITIONS = (
					"DEBUG=1",
					"$(inherited)",
				);
				GCC_WARN_64_TO_32_BIT_CONVERSION = YES;
				GCC_WARN_ABOUT_RETURN_TYPE = YES_ERROR;
				GCC_WARN_UNDECLARED_SELECTOR = YES;
				GCC_WARN_UNINITIALIZED_AUTOS = YES_AGGRESSIVE;
				GCC_WARN_UNUSED_FUNCTION = YES;
				GCC_WARN_UNUSED_VARIABLE = YES;
				IPHONEOS_DEPLOYMENT_TARGET = 9.3;
				MTL_ENABLE_DEBUG_INFO = YES;
				ONLY_ACTIVE_ARCH = YES;
				SDKROOT = iphoneos;
				TARGETED_DEVICE_FAMILY = "1,2";
			};
			name = Debug;
		};
		27CDF6511D6D21E300AD09D4 /* Release */ = {
			isa = XCBuildConfiguration;
			buildSettings = {
				ALWAYS_SEARCH_USER_PATHS = NO;
				CLANG_ANALYZER_NONNULL = YES;
				CLANG_CXX_LANGUAGE_STANDARD = "gnu++0x";
				CLANG_CXX_LIBRARY = "libc++";
				CLANG_ENABLE_MODULES = YES;
				CLANG_ENABLE_OBJC_ARC = YES;
				CLANG_WARN_BOOL_CONVERSION = YES;
				CLANG_WARN_CONSTANT_CONVERSION = YES;
				CLANG_WARN_DIRECT_OBJC_ISA_USAGE = YES_ERROR;
				CLANG_WARN_EMPTY_BODY = YES;
				CLANG_WARN_ENUM_CONVERSION = YES;
				CLANG_WARN_INT_CONVERSION = YES;
				CLANG_WARN_OBJC_ROOT_CLASS = YES_ERROR;
				CLANG_WARN_UNREACHABLE_CODE = YES;
				CLANG_WARN__DUPLICATE_METHOD_MATCH = YES;
				"CODE_SIGN_IDENTITY[sdk=iphoneos*]" = "iPhone Developer";
				COPY_PHASE_STRIP = NO;
				DEBUG_INFORMATION_FORMAT = "dwarf-with-dsym";
				ENABLE_NS_ASSERTIONS = NO;
				ENABLE_STRICT_OBJC_MSGSEND = YES;
				GCC_C_LANGUAGE_STANDARD = gnu99;
				GCC_NO_COMMON_BLOCKS = YES;
				GCC_WARN_64_TO_32_BIT_CONVERSION = YES;
				GCC_WARN_ABOUT_RETURN_TYPE = YES_ERROR;
				GCC_WARN_UNDECLARED_SELECTOR = YES;
				GCC_WARN_UNINITIALIZED_AUTOS = YES_AGGRESSIVE;
				GCC_WARN_UNUSED_FUNCTION = YES;
				GCC_WARN_UNUSED_VARIABLE = YES;
				IPHONEOS_DEPLOYMENT_TARGET = 9.3;
				MTL_ENABLE_DEBUG_INFO = NO;
				SDKROOT = iphoneos;
				TARGETED_DEVICE_FAMILY = "1,2";
				VALIDATE_PRODUCT = YES;
			};
			name = Release;
		};
		27CDF6531D6D21E300AD09D4 /* Debug */ = {
			isa = XCBuildConfiguration;
			buildSettings = {
				ASSETCATALOG_COMPILER_APPICON_NAME = AppIcon;
				INFOPLIST_FILE = ESNavigationController/Info.plist;
				LD_RUNPATH_SEARCH_PATHS = "$(inherited) @executable_path/Frameworks";
				PRODUCT_BUNDLE_IDENTIFIER = com.ShangZhangPing.ESNavigationController;
				PRODUCT_NAME = "$(TARGET_NAME)";
			};
			name = Debug;
		};
		27CDF6541D6D21E300AD09D4 /* Release */ = {
			isa = XCBuildConfiguration;
			buildSettings = {
				ASSETCATALOG_COMPILER_APPICON_NAME = AppIcon;
				INFOPLIST_FILE = ESNavigationController/Info.plist;
				LD_RUNPATH_SEARCH_PATHS = "$(inherited) @executable_path/Frameworks";
				PRODUCT_BUNDLE_IDENTIFIER = com.ShangZhangPing.ESNavigationController;
				PRODUCT_NAME = "$(TARGET_NAME)";
			};
			name = Release;
		};
		27CDF6561D6D21E300AD09D4 /* Debug */ = {
			isa = XCBuildConfiguration;
			buildSettings = {
				BUNDLE_LOADER = "$(TEST_HOST)";
				INFOPLIST_FILE = ESNavigationControllerTests/Info.plist;
				LD_RUNPATH_SEARCH_PATHS = "$(inherited) @executable_path/Frameworks @loader_path/Frameworks";
				PRODUCT_BUNDLE_IDENTIFIER = com.ShangZhangPing.ESNavigationControllerTests;
				PRODUCT_NAME = "$(TARGET_NAME)";
				TEST_HOST = "$(BUILT_PRODUCTS_DIR)/ESNavigationController.app/ESNavigationController";
			};
			name = Debug;
		};
		27CDF6571D6D21E300AD09D4 /* Release */ = {
			isa = XCBuildConfiguration;
			buildSettings = {
				BUNDLE_LOADER = "$(TEST_HOST)";
				INFOPLIST_FILE = ESNavigationControllerTests/Info.plist;
				LD_RUNPATH_SEARCH_PATHS = "$(inherited) @executable_path/Frameworks @loader_path/Frameworks";
				PRODUCT_BUNDLE_IDENTIFIER = com.ShangZhangPing.ESNavigationControllerTests;
				PRODUCT_NAME = "$(TARGET_NAME)";
				TEST_HOST = "$(BUILT_PRODUCTS_DIR)/ESNavigationController.app/ESNavigationController";
			};
			name = Release;
		};
		27CDF6591D6D21E300AD09D4 /* Debug */ = {
			isa = XCBuildConfiguration;
			buildSettings = {
				INFOPLIST_FILE = ESNavigationControllerUITests/Info.plist;
				LD_RUNPATH_SEARCH_PATHS = "$(inherited) @executable_path/Frameworks @loader_path/Frameworks";
				PRODUCT_BUNDLE_IDENTIFIER = com.ShangZhangPing.ESNavigationControllerUITests;
				PRODUCT_NAME = "$(TARGET_NAME)";
				TEST_TARGET_NAME = ESNavigationController;
			};
			name = Debug;
		};
		27CDF65A1D6D21E300AD09D4 /* Release */ = {
			isa = XCBuildConfiguration;
			buildSettings = {
				INFOPLIST_FILE = ESNavigationControllerUITests/Info.plist;
				LD_RUNPATH_SEARCH_PATHS = "$(inherited) @executable_path/Frameworks @loader_path/Frameworks";
				PRODUCT_BUNDLE_IDENTIFIER = com.ShangZhangPing.ESNavigationControllerUITests;
				PRODUCT_NAME = "$(TARGET_NAME)";
				TEST_TARGET_NAME = ESNavigationController;
			};
			name = Release;
		};
/* End XCBuildConfiguration section */

/* Begin XCConfigurationList section */
		27CDF6201D6D21E300AD09D4 /* Build configuration list for PBXProject "ESNavigationController" */ = {
			isa = XCConfigurationList;
			buildConfigurations = (
				27CDF6501D6D21E300AD09D4 /* Debug */,
				27CDF6511D6D21E300AD09D4 /* Release */,
			);
			defaultConfigurationIsVisible = 0;
			defaultConfigurationName = Release;
		};
		27CDF6521D6D21E300AD09D4 /* Build configuration list for PBXNativeTarget "ESNavigationController" */ = {
			isa = XCConfigurationList;
			buildConfigurations = (
				27CDF6531D6D21E300AD09D4 /* Debug */,
				27CDF6541D6D21E300AD09D4 /* Release */,
			);
			defaultConfigurationIsVisible = 0;
		};
		27CDF6551D6D21E300AD09D4 /* Build configuration list for PBXNativeTarget "ESNavigationControllerTests" */ = {
			isa = XCConfigurationList;
			buildConfigurations = (
				27CDF6561D6D21E300AD09D4 /* Debug */,
				27CDF6571D6D21E300AD09D4 /* Release */,
			);
			defaultConfigurationIsVisible = 0;
		};
		27CDF6581D6D21E300AD09D4 /* Build configuration list for PBXNativeTarget "ESNavigationControllerUITests" */ = {
			isa = XCConfigurationList;
			buildConfigurations = (
				27CDF6591D6D21E300AD09D4 /* Debug */,
				27CDF65A1D6D21E300AD09D4 /* Release */,
			);
			defaultConfigurationIsVisible = 0;
		};
/* End XCConfigurationList section */
	};
	rootObject = 27CDF61D1D6D21E300AD09D4 /* Project object */;
}
